
Microsoft Visual Studio Solution File, Format Version 12.00
# Visual Studio Version 17
VisualStudioVersion = 17.4.33403.182
MinimumVisualStudioVersion = 10.0.40219.1
Project("{FAE04EC0-301F-11D3-BF4B-00C04F79EFBC}") = "1.2", "1.2\1.2.csproj", "{C405C07F-2C12-420D-81D0-0D029B6A478C}"
EndProject
Global
	GlobalSection(SolutionConfigurationPlatforms) = preSolution
		Debug|Any CPU = Debug|Any CPU
		Release|Any CPU = Release|Any CPU
	EndGlobalSection
	GlobalSection(ProjectConfigurationPlatforms) = postSolution
		{C405C07F-2C12-420D-81D0-0D029B6A478C}.Debug|Any CPU.ActiveCfg = Debug|Any CPU
		{C405C07F-2C12-420D-81D0-0D029B6A478C}.Debug|Any CPU.Build.0 = Debug|Any CPU
		{C405C07F-2C12-420D-81D0-0D029B6A478C}.Release|Any CPU.ActiveCfg = Release|Any CPU
		{C405C07F-2C12-420D-81D0-0D029B6A478C}.Release|Any CPU.Build.0 = Release|Any CPU
	EndGlobalSection
	GlobalSection(SolutionProperties) = preSolution
		HideSolutionNode = FALSE
	EndGlobalSection
	GlobalSection(ExtensibilityGlobals) = postSolution
		SolutionGuid = {985BF83B-DDC7-45B7-BA9F-E7C0D5563966}
	EndGlobalSection
EndGlobal
